// !$*UTF8*$!
{
	archiveVersion = 1;
	classes = {
	};
	objectVersion = 46;
	objects = {

/* Begin PBXBuildFile section */
		39036413931B619323F6E8E2 /* Pods_WeLearn.framework in Frameworks */ = {isa = PBXBuildFile; fileRef = 0164AF7F5D4ACE3F9C4DF1F2 /* Pods_WeLearn.framework */; };
		4A04F92C1F598B01004DD1A1 /* AppDelegate.swift in Sources */ = {isa = PBXBuildFile; fileRef = 4A04F92B1F598B01004DD1A1 /* AppDelegate.swift */; };
		4A04F92E1F598B01004DD1A1 /* ViewController.swift in Sources */ = {isa = PBXBuildFile; fileRef = 4A04F92D1F598B01004DD1A1 /* ViewController.swift */; };
		4A04F9311F598B01004DD1A1 /* Main.storyboard in Resources */ = {isa = PBXBuildFile; fileRef = 4A04F92F1F598B01004DD1A1 /* Main.storyboard */; };
		4A04F9331F598B01004DD1A1 /* Assets.xcassets in Resources */ = {isa = PBXBuildFile; fileRef = 4A04F9321F598B01004DD1A1 /* Assets.xcassets */; };
		4A04F9361F598B01004DD1A1 /* LaunchScreen.storyboard in Resources */ = {isa = PBXBuildFile; fileRef = 4A04F9341F598B01004DD1A1 /* LaunchScreen.storyboard */; };
		4A53FE3D1F59E383006854A6 /* PhotoPageViewController.swift in Sources */ = {isa = PBXBuildFile; fileRef = 4A53FE3C1F59E383006854A6 /* PhotoPageViewController.swift */; };
		4A53FE401F59ECB5006854A6 /* UIColor.swift in Sources */ = {isa = PBXBuildFile; fileRef = 4A53FE3F1F59ECB5006854A6 /* UIColor.swift */; };
		4A5919041F59A05D00F3DAA2 /* GetActivitiesInteractor.swift in Sources */ = {isa = PBXBuildFile; fileRef = 4A5919031F59A05D00F3DAA2 /* GetActivitiesInteractor.swift */; };
		4A5919071F59A0AF00F3DAA2 /* Activity.swift in Sources */ = {isa = PBXBuildFile; fileRef = 4A5919061F59A0AF00F3DAA2 /* Activity.swift */; };
		4A5919091F59A9E700F3DAA2 /* GetActivitiesInteractorTest.swift in Sources */ = {isa = PBXBuildFile; fileRef = 4A5919081F59A9E700F3DAA2 /* GetActivitiesInteractorTest.swift */; };
		4A59190A1F59AA7300F3DAA2 /* GetActivitiesInteractor.swift in Sources */ = {isa = PBXBuildFile; fileRef = 4A5919031F59A05D00F3DAA2 /* GetActivitiesInteractor.swift */; };
		4A59190C1F59AAE600F3DAA2 /* XCTestCaseExtension.swift in Sources */ = {isa = PBXBuildFile; fileRef = 4A59190B1F59AAE600F3DAA2 /* XCTestCaseExtension.swift */; };
		4A7274511F59C33D00D77B92 /* UpdateActivitiesInteractor.swift in Sources */ = {isa = PBXBuildFile; fileRef = 4A7274501F59C33D00D77B92 /* UpdateActivitiesInteractor.swift */; };
		4AF3FCC41F59AC3B00C50358 /* Activity.swift in Sources */ = {isa = PBXBuildFile; fileRef = 4A5919061F59A0AF00F3DAA2 /* Activity.swift */; };
/* End PBXBuildFile section */

/* Begin PBXContainerItemProxy section */
		4A04F93D1F598B01004DD1A1 /* PBXContainerItemProxy */ = {
			isa = PBXContainerItemProxy;
			containerPortal = 4A04F9201F598B01004DD1A1 /* Project object */;
			proxyType = 1;
			remoteGlobalIDString = 4A04F9271F598B01004DD1A1;
			remoteInfo = WeLearn;
		};
/* End PBXContainerItemProxy section */

/* Begin PBXFileReference section */
		0164AF7F5D4ACE3F9C4DF1F2 /* Pods_WeLearn.framework */ = {isa = PBXFileReference; explicitFileType = wrapper.framework; includeInIndex = 0; path = Pods_WeLearn.framework; sourceTree = BUILT_PRODUCTS_DIR; };
		1BCD587A614D6D419AFFD90C /* Pods-WeLearn.debug.xcconfig */ = {isa = PBXFileReference; includeInIndex = 1; lastKnownFileType = text.xcconfig; name = "Pods-WeLearn.debug.xcconfig"; path = "Pods/Target Support Files/Pods-WeLearn/Pods-WeLearn.debug.xcconfig"; sourceTree = "<group>"; };
		2FCDAB995C20828B3959A1DF /* Pods-WeLearn.release.xcconfig */ = {isa = PBXFileReference; includeInIndex = 1; lastKnownFileType = text.xcconfig; name = "Pods-WeLearn.release.xcconfig"; path = "Pods/Target Support Files/Pods-WeLearn/Pods-WeLearn.release.xcconfig"; sourceTree = "<group>"; };
		4A04F9281F598B01004DD1A1 /* WeLearn.app */ = {isa = PBXFileReference; explicitFileType = wrapper.application; includeInIndex = 0; path = WeLearn.app; sourceTree = BUILT_PRODUCTS_DIR; };
		4A04F92B1F598B01004DD1A1 /* AppDelegate.swift */ = {isa = PBXFileReference; lastKnownFileType = sourcecode.swift; path = AppDelegate.swift; sourceTree = "<group>"; };
		4A04F92D1F598B01004DD1A1 /* ViewController.swift */ = {isa = PBXFileReference; lastKnownFileType = sourcecode.swift; path = ViewController.swift; sourceTree = "<group>"; };
		4A04F9301F598B01004DD1A1 /* Base */ = {isa = PBXFileReference; lastKnownFileType = file.storyboard; name = Base; path = Base.lproj/Main.storyboard; sourceTree = "<group>"; };
		4A04F9321F598B01004DD1A1 /* Assets.xcassets */ = {isa = PBXFileReference; lastKnownFileType = folder.assetcatalog; path = Assets.xcassets; sourceTree = "<group>"; };
		4A04F9351F598B01004DD1A1 /* Base */ = {isa = PBXFileReference; lastKnownFileType = file.storyboard; name = Base; path = Base.lproj/LaunchScreen.storyboard; sourceTree = "<group>"; };
		4A04F9371F598B01004DD1A1 /* Info.plist */ = {isa = PBXFileReference; lastKnownFileType = text.plist.xml; path = Info.plist; sourceTree = "<group>"; };
		4A04F93C1F598B01004DD1A1 /* WeLearnTests.xctest */ = {isa = PBXFileReference; explicitFileType = wrapper.cfbundle; includeInIndex = 0; path = WeLearnTests.xctest; sourceTree = BUILT_PRODUCTS_DIR; };
		4A04F9421F598B01004DD1A1 /* Info.plist */ = {isa = PBXFileReference; lastKnownFileType = text.plist.xml; path = Info.plist; sourceTree = "<group>"; };
		4A53FE3C1F59E383006854A6 /* PhotoPageViewController.swift */ = {isa = PBXFileReference; fileEncoding = 4; lastKnownFileType = sourcecode.swift; path = PhotoPageViewController.swift; sourceTree = "<group>"; };
		4A53FE3F1F59ECB5006854A6 /* UIColor.swift */ = {isa = PBXFileReference; fileEncoding = 4; lastKnownFileType = sourcecode.swift; path = UIColor.swift; sourceTree = "<group>"; };
		4A5919031F59A05D00F3DAA2 /* GetActivitiesInteractor.swift */ = {isa = PBXFileReference; fileEncoding = 4; lastKnownFileType = sourcecode.swift; path = GetActivitiesInteractor.swift; sourceTree = "<group>"; };
		4A5919061F59A0AF00F3DAA2 /* Activity.swift */ = {isa = PBXFileReference; fileEncoding = 4; lastKnownFileType = sourcecode.swift; path = Activity.swift; sourceTree = "<group>"; };
		4A5919081F59A9E700F3DAA2 /* GetActivitiesInteractorTest.swift */ = {isa = PBXFileReference; fileEncoding = 4; lastKnownFileType = sourcecode.swift; path = GetActivitiesInteractorTest.swift; sourceTree = "<group>"; };
		4A59190B1F59AAE600F3DAA2 /* XCTestCaseExtension.swift */ = {isa = PBXFileReference; fileEncoding = 4; lastKnownFileType = sourcecode.swift; path = XCTestCaseExtension.swift; sourceTree = "<group>"; };
		4A7274501F59C33D00D77B92 /* UpdateActivitiesInteractor.swift */ = {isa = PBXFileReference; fileEncoding = 4; lastKnownFileType = sourcecode.swift; path = UpdateActivitiesInteractor.swift; sourceTree = "<group>"; };
		6C67B8BA9FD56A35CC599C74 /* Pods_WeLearnTests.framework */ = {isa = PBXFileReference; explicitFileType = wrapper.framework; includeInIndex = 0; path = Pods_WeLearnTests.framework; sourceTree = BUILT_PRODUCTS_DIR; };
/* End PBXFileReference section */

/* Begin PBXFrameworksBuildPhase section */
		4A04F9251F598B01004DD1A1 /* Frameworks */ = {
			isa = PBXFrameworksBuildPhase;
			buildActionMask = 2147483647;
			files = (
				39036413931B619323F6E8E2 /* Pods_WeLearn.framework in Frameworks */,
			);
			runOnlyForDeploymentPostprocessing = 0;
		};
		4A04F9391F598B01004DD1A1 /* Frameworks */ = {
			isa = PBXFrameworksBuildPhase;
			buildActionMask = 2147483647;
			files = (
			);
			runOnlyForDeploymentPostprocessing = 0;
		};
/* End PBXFrameworksBuildPhase section */

/* Begin PBXGroup section */
		1569050CA6AE3C9E1EFA4640 /* Frameworks */ = {
			isa = PBXGroup;
			children = (
				0164AF7F5D4ACE3F9C4DF1F2 /* Pods_WeLearn.framework */,
				6C67B8BA9FD56A35CC599C74 /* Pods_WeLearnTests.framework */,
			);
			name = Frameworks;
			sourceTree = "<group>";
		};
		4A04F91F1F598B01004DD1A1 = {
			isa = PBXGroup;
			children = (
				4A04F92A1F598B01004DD1A1 /* WeLearn */,
				4A04F93F1F598B01004DD1A1 /* WeLearnTests */,
				4A04F9291F598B01004DD1A1 /* Products */,
				E885501D6B17B2CE5ED2B8A1 /* Pods */,
				1569050CA6AE3C9E1EFA4640 /* Frameworks */,
			);
			sourceTree = "<group>";
		};
		4A04F9291F598B01004DD1A1 /* Products */ = {
			isa = PBXGroup;
			children = (
				4A04F9281F598B01004DD1A1 /* WeLearn.app */,
				4A04F93C1F598B01004DD1A1 /* WeLearnTests.xctest */,
			);
			name = Products;
			sourceTree = "<group>";
		};
		4A04F92A1F598B01004DD1A1 /* WeLearn */ = {
			isa = PBXGroup;
			children = (
				4A5919051F59A08900F3DAA2 /* Models */,
				4A5919021F59A01200F3DAA2 /* Interactors */,
				4A53FE3E1F59ECA7006854A6 /* Util */,
				4A04F92B1F598B01004DD1A1 /* AppDelegate.swift */,
				4A04F92D1F598B01004DD1A1 /* ViewController.swift */,
				4A53FE3C1F59E383006854A6 /* PhotoPageViewController.swift */,
				4A04F92F1F598B01004DD1A1 /* Main.storyboard */,
				4A04F9321F598B01004DD1A1 /* Assets.xcassets */,
				4A04F9341F598B01004DD1A1 /* LaunchScreen.storyboard */,
				4A04F9371F598B01004DD1A1 /* Info.plist */,
			);
			path = WeLearn;
			sourceTree = "<group>";
		};
		4A04F93F1F598B01004DD1A1 /* WeLearnTests */ = {
			isa = PBXGroup;
			children = (
				4A59190B1F59AAE600F3DAA2 /* XCTestCaseExtension.swift */,
				4A04F9421F598B01004DD1A1 /* Info.plist */,
				4A5919081F59A9E700F3DAA2 /* GetActivitiesInteractorTest.swift */,
			);
			path = WeLearnTests;
			sourceTree = "<group>";
		};
		4A53FE3E1F59ECA7006854A6 /* Util */ = {
			isa = PBXGroup;
			children = (
				4A53FE3F1F59ECB5006854A6 /* UIColor.swift */,
			);
			name = Util;
			sourceTree = "<group>";
		};
		4A5919021F59A01200F3DAA2 /* Interactors */ = {
			isa = PBXGroup;
			children = (
				4A5919031F59A05D00F3DAA2 /* GetActivitiesInteractor.swift */,
				4A7274501F59C33D00D77B92 /* UpdateActivitiesInteractor.swift */,
			);
			name = Interactors;
			sourceTree = "<group>";
		};
		4A5919051F59A08900F3DAA2 /* Models */ = {
			isa = PBXGroup;
			children = (
				4A5919061F59A0AF00F3DAA2 /* Activity.swift */,
			);
			name = Models;
			sourceTree = "<group>";
		};
		E885501D6B17B2CE5ED2B8A1 /* Pods */ = {
			isa = PBXGroup;
			children = (
				1BCD587A614D6D419AFFD90C /* Pods-WeLearn.debug.xcconfig */,
				2FCDAB995C20828B3959A1DF /* Pods-WeLearn.release.xcconfig */,
			);
			name = Pods;
			sourceTree = "<group>";
		};
/* End PBXGroup section */

/* Begin PBXNativeTarget section */
		4A04F9271F598B01004DD1A1 /* WeLearn */ = {
			isa = PBXNativeTarget;
			buildConfigurationList = 4A04F9451F598B01004DD1A1 /* Build configuration list for PBXNativeTarget "WeLearn" */;
			buildPhases = (
				5DD4922CBD4F6702EF5A338B /* [CP] Check Pods Manifest.lock */,
				4A04F9241F598B01004DD1A1 /* Sources */,
				4A04F9251F598B01004DD1A1 /* Frameworks */,
				4A04F9261F598B01004DD1A1 /* Resources */,
				08FA53A1C2EC6474B7F5A601 /* [CP] Embed Pods Frameworks */,
				4E74D1EDFD17D01018EC5991 /* [CP] Copy Pods Resources */,
			);
			buildRules = (
			);
			dependencies = (
			);
			name = WeLearn;
			productName = WeLearn;
			productReference = 4A04F9281F598B01004DD1A1 /* WeLearn.app */;
			productType = "com.apple.product-type.application";
		};
		4A04F93B1F598B01004DD1A1 /* WeLearnTests */ = {
			isa = PBXNativeTarget;
			buildConfigurationList = 4A04F9481F598B01004DD1A1 /* Build configuration list for PBXNativeTarget "WeLearnTests" */;
			buildPhases = (
				4A04F9381F598B01004DD1A1 /* Sources */,
				4A04F9391F598B01004DD1A1 /* Frameworks */,
				4A04F93A1F598B01004DD1A1 /* Resources */,
			);
			buildRules = (
			);
			dependencies = (
				4A04F93E1F598B01004DD1A1 /* PBXTargetDependency */,
			);
			name = WeLearnTests;
			productName = WeLearnTests;
			productReference = 4A04F93C1F598B01004DD1A1 /* WeLearnTests.xctest */;
			productType = "com.apple.product-type.bundle.unit-test";
		};
/* End PBXNativeTarget section */

/* Begin PBXProject section */
		4A04F9201F598B01004DD1A1 /* Project object */ = {
			isa = PBXProject;
			attributes = {
				LastSwiftUpdateCheck = 0830;
				LastUpgradeCheck = 0830;
				ORGANIZATIONNAME = Test;
				TargetAttributes = {
					4A04F9271F598B01004DD1A1 = {
						CreatedOnToolsVersion = 8.3.3;
						ProvisioningStyle = Automatic;
					};
					4A04F93B1F598B01004DD1A1 = {
						CreatedOnToolsVersion = 8.3.3;
						ProvisioningStyle = Automatic;
						TestTargetID = 4A04F9271F598B01004DD1A1;
					};
				};
			};
			buildConfigurationList = 4A04F9231F598B01004DD1A1 /* Build configuration list for PBXProject "WeLearn" */;
			compatibilityVersion = "Xcode 3.2";
			developmentRegion = English;
			hasScannedForEncodings = 0;
			knownRegions = (
				en,
				Base,
			);
			mainGroup = 4A04F91F1F598B01004DD1A1;
			productRefGroup = 4A04F9291F598B01004DD1A1 /* Products */;
			projectDirPath = "";
			projectRoot = "";
			targets = (
				4A04F9271F598B01004DD1A1 /* WeLearn */,
				4A04F93B1F598B01004DD1A1 /* WeLearnTests */,
			);
		};
/* End PBXProject section */

/* Begin PBXResourcesBuildPhase section */
		4A04F9261F598B01004DD1A1 /* Resources */ = {
			isa = PBXResourcesBuildPhase;
			buildActionMask = 2147483647;
			files = (
				4A04F9361F598B01004DD1A1 /* LaunchScreen.storyboard in Resources */,
				4A04F9331F598B01004DD1A1 /* Assets.xcassets in Resources */,
				4A04F9311F598B01004DD1A1 /* Main.storyboard in Resources */,
			);
			runOnlyForDeploymentPostprocessing = 0;
		};
		4A04F93A1F598B01004DD1A1 /* Resources */ = {
			isa = PBXResourcesBuildPhase;
			buildActionMask = 2147483647;
			files = (
			);
			runOnlyForDeploymentPostprocessing = 0;
		};
/* End PBXResourcesBuildPhase section */

/* Begin PBXShellScriptBuildPhase section */
		08FA53A1C2EC6474B7F5A601 /* [CP] Embed Pods Frameworks */ = {
			isa = PBXShellScriptBuildPhase;
			buildActionMask = 2147483647;
			files = (
			);
			inputPaths = (
			);
			name = "[CP] Embed Pods Frameworks";
			outputPaths = (
			);
			runOnlyForDeploymentPostprocessing = 0;
			shellPath = /bin/sh;
			shellScript = "\"${SRCROOT}/Pods/Target Support Files/Pods-WeLearn/Pods-WeLearn-frameworks.sh\"\n";
			showEnvVarsInLog = 0;
		};
		4E74D1EDFD17D01018EC5991 /* [CP] Copy Pods Resources */ = {
			isa = PBXShellScriptBuildPhase;
			buildActionMask = 2147483647;
			files = (
			);
			inputPaths = (
			);
			name = "[CP] Copy Pods Resources";
			outputPaths = (
			);
			runOnlyForDeploymentPostprocessing = 0;
			shellPath = /bin/sh;
			shellScript = "\"${SRCROOT}/Pods/Target Support Files/Pods-WeLearn/Pods-WeLearn-resources.sh\"\n";
			showEnvVarsInLog = 0;
		};
		5DD4922CBD4F6702EF5A338B /* [CP] Check Pods Manifest.lock */ = {
			isa = PBXShellScriptBuildPhase;
			buildActionMask = 2147483647;
			files = (
			);
			inputPaths = (
			);
			name = "[CP] Check Pods Manifest.lock";
			outputPaths = (
			);
			runOnlyForDeploymentPostprocessing = 0;
			shellPath = /bin/sh;
			shellScript = "diff \"${PODS_ROOT}/../Podfile.lock\" \"${PODS_ROOT}/Manifest.lock\" > /dev/null\nif [ $? != 0 ] ; then\n    # print error to STDERR\n    echo \"error: The sandbox is not in sync with the Podfile.lock. Run 'pod install' or update your CocoaPods installation.\" >&2\n    exit 1\nfi\n";
			showEnvVarsInLog = 0;
		};
/* End PBXShellScriptBuildPhase section */

/* Begin PBXSourcesBuildPhase section */
		4A04F9241F598B01004DD1A1 /* Sources */ = {
			isa = PBXSourcesBuildPhase;
			buildActionMask = 2147483647;
			files = (
				4A04F92E1F598B01004DD1A1 /* ViewController.swift in Sources */,
				4A53FE401F59ECB5006854A6 /* UIColor.swift in Sources */,
				4A04F92C1F598B01004DD1A1 /* AppDelegate.swift in Sources */,
				4A53FE3D1F59E383006854A6 /* PhotoPageViewController.swift in Sources */,
				4A7274511F59C33D00D77B92 /* UpdateActivitiesInteractor.swift in Sources */,
				4A5919071F59A0AF00F3DAA2 /* Activity.swift in Sources */,
				4A5919041F59A05D00F3DAA2 /* GetActivitiesInteractor.swift in Sources */,
			);
			runOnlyForDeploymentPostprocessing = 0;
		};
		4A04F9381F598B01004DD1A1 /* Sources */ = {
			isa = PBXSourcesBuildPhase;
			buildActionMask = 2147483647;
			files = (
				4A59190C1F59AAE600F3DAA2 /* XCTestCaseExtension.swift in Sources */,
				4A59190A1F59AA7300F3DAA2 /* GetActivitiesInteractor.swift in Sources */,
				4AF3FCC41F59AC3B00C50358 /* Activity.swift in Sources */,
				4A5919091F59A9E700F3DAA2 /* GetActivitiesInteractorTest.swift in Sources */,
			);
			runOnlyForDeploymentPostprocessing = 0;
		};
/* End PBXSourcesBuildPhase section */

/* Begin PBXTargetDependency section */
		4A04F93E1F598B01004DD1A1 /* PBXTargetDependency */ = {
			isa = PBXTargetDependency;
			target = 4A04F9271F598B01004DD1A1 /* WeLearn */;
			targetProxy = 4A04F93D1F598B01004DD1A1 /* PBXContainerItemProxy */;
		};
/* End PBXTargetDependency section */

/* Begin PBXVariantGroup section */
		4A04F92F1F598B01004DD1A1 /* Main.storyboard */ = {
			isa = PBXVariantGroup;
			children = (
				4A04F9301F598B01004DD1A1 /* Base */,
			);
			name = Main.storyboard;
			sourceTree = "<group>";
		};
		4A04F9341F598B01004DD1A1 /* LaunchScreen.storyboard */ = {
			isa = PBXVariantGroup;
			children = (
				4A04F9351F598B01004DD1A1 /* Base */,
			);
			name = LaunchScreen.storyboard;
			sourceTree = "<group>";
		};
/* End PBXVariantGroup section */

/* Begin XCBuildConfiguration section */
		4A04F9431F598B01004DD1A1 /* Debug */ = {
			isa = XCBuildConfiguration;
			buildSettings = {
				ALWAYS_SEARCH_USER_PATHS = NO;
				CLANG_ANALYZER_NONNULL = YES;
				CLANG_ANALYZER_NUMBER_OBJECT_CONVERSION = YES_AGGRESSIVE;
				CLANG_CXX_LANGUAGE_STANDARD = "gnu++0x";
				CLANG_CXX_LIBRARY = "libc++";
				CLANG_ENABLE_MODULES = YES;
				CLANG_ENABLE_OBJC_ARC = YES;
				CLANG_WARN_BOOL_CONVERSION = YES;
				CLANG_WARN_CONSTANT_CONVERSION = YES;
				CLANG_WARN_DIRECT_OBJC_ISA_USAGE = YES_ERROR;
				CLANG_WARN_DOCUMENTATION_COMMENTS = YES;
				CLANG_WARN_EMPTY_BODY = YES;
				CLANG_WARN_ENUM_CONVERSION = YES;
				CLANG_WARN_INFINITE_RECURSION = YES;
				CLANG_WARN_INT_CONVERSION = YES;
				CLANG_WARN_OBJC_ROOT_CLASS = YES_ERROR;
				CLANG_WARN_SUSPICIOUS_MOVE = YES;
				CLANG_WARN_UNREACHABLE_CODE = YES;
				CLANG_WARN__DUPLICATE_METHOD_MATCH = YES;
				"CODE_SIGN_IDENTITY[sdk=iphoneos*]" = "iPhone Developer";
				COPY_PHASE_STRIP = NO;
				DEBUG_INFORMATION_FORMAT = dwarf;
				ENABLE_STRICT_OBJC_MSGSEND = YES;
				ENABLE_TESTABILITY = YES;
				GCC_C_LANGUAGE_STANDARD = gnu99;
				GCC_DYNAMIC_NO_PIC = NO;
				GCC_NO_COMMON_BLOCKS = YES;
				GCC_OPTIMIZATION_LEVEL = 0;
				GCC_PREPROCESSOR_DEFINITIONS = (
					"DEBUG=1",
					"$(inherited)",
				);
				GCC_WARN_64_TO_32_BIT_CONVERSION = YES;
				GCC_WARN_ABOUT_RETURN_TYPE = YES_ERROR;
				GCC_WARN_UNDECLARED_SELECTOR = YES;
				GCC_WARN_UNINITIALIZED_AUTOS = YES_AGGRESSIVE;
				GCC_WARN_UNUSED_FUNCTION = YES;
				GCC_WARN_UNUSED_VARIABLE = YES;
				IPHONEOS_DEPLOYMENT_TARGET = 10.3;
				MTL_ENABLE_DEBUG_INFO = YES;
				ONLY_ACTIVE_ARCH = YES;
				SDKROOT = iphoneos;
				SWIFT_ACTIVE_COMPILATION_CONDITIONS = DEBUG;
				SWIFT_OPTIMIZATION_LEVEL = "-Onone";
			};
			name = Debug;
		};
		4A04F9441F598B01004DD1A1 /* Release */ = {
			isa = XCBuildConfiguration;
			buildSettings = {
				ALWAYS_SEARCH_USER_PATHS = NO;
				CLANG_ANALYZER_NONNULL = YES;
				CLANG_ANALYZER_NUMBER_OBJECT_CONVERSION = YES_AGGRESSIVE;
				CLANG_CXX_LANGUAGE_STANDARD = "gnu++0x";
				CLANG_CXX_LIBRARY = "libc++";
				CLANG_ENABLE_MODULES = YES;
				CLANG_ENABLE_OBJC_ARC = YES;
				CLANG_WARN_BOOL_CONVERSION = YES;
				CLANG_WARN_CONSTANT_CONVERSION = YES;
				CLANG_WARN_DIRECT_OBJC_ISA_USAGE = YES_ERROR;
				CLANG_WARN_DOCUMENTATION_COMMENTS = YES;
				CLANG_WARN_EMPTY_BODY = YES;
				CLANG_WARN_ENUM_CONVERSION = YES;
				CLANG_WARN_INFINITE_RECURSION = YES;
				CLANG_WARN_INT_CONVERSION = YES;
				CLANG_WARN_OBJC_ROOT_CLASS = YES_ERROR;
				CLANG_WARN_SUSPICIOUS_MOVE = YES;
				CLANG_WARN_UNREACHABLE_CODE = YES;
				CLANG_WARN__DUPLICATE_METHOD_MATCH = YES;
				"CODE_SIGN_IDENTITY[sdk=iphoneos*]" = "iPhone Developer";
				COPY_PHASE_STRIP = NO;
				DEBUG_INFORMATION_FORMAT = "dwarf-with-dsym";
				ENABLE_NS_ASSERTIONS = NO;
				ENABLE_STRICT_OBJC_MSGSEND = YES;
				GCC_C_LANGUAGE_STANDARD = gnu99;
				GCC_NO_COMMON_BLOCKS = YES;
				GCC_WARN_64_TO_32_BIT_CONVERSION = YES;
				GCC_WARN_ABOUT_RETURN_TYPE = YES_ERROR;
				GCC_WARN_UNDECLARED_SELECTOR = YES;
				GCC_WARN_UNINITIALIZED_AUTOS = YES_AGGRESSIVE;
				GCC_WARN_UNUSED_FUNCTION = YES;
				GCC_WARN_UNUSED_VARIABLE = YES;
				IPHONEOS_DEPLOYMENT_TARGET = 10.3;
				MTL_ENABLE_DEBUG_INFO = NO;
				SDKROOT = iphoneos;
				SWIFT_OPTIMIZATION_LEVEL = "-Owholemodule";
				VALIDATE_PRODUCT = YES;
			};
			name = Release;
		};
		4A04F9461F598B01004DD1A1 /* Debug */ = {
			isa = XCBuildConfiguration;
			baseConfigurationReference = 1BCD587A614D6D419AFFD90C /* Pods-WeLearn.debug.xcconfig */;
			buildSettings = {
				ASSETCATALOG_COMPILER_APPICON_NAME = AppIcon;
				INFOPLIST_FILE = WeLearn/Info.plist;
				LD_RUNPATH_SEARCH_PATHS = "$(inherited) @executable_path/Frameworks";
				PRODUCT_BUNDLE_IDENTIFIER = Liferay.WeLearn;
				PRODUCT_NAME = "$(TARGET_NAME)";
				SWIFT_VERSION = 3.0;
			};
			name = Debug;
		};
		4A04F9471F598B01004DD1A1 /* Release */ = {
			isa = XCBuildConfiguration;
			baseConfigurationReference = 2FCDAB995C20828B3959A1DF /* Pods-WeLearn.release.xcconfig */;
			buildSettings = {
				ASSETCATALOG_COMPILER_APPICON_NAME = AppIcon;
				INFOPLIST_FILE = WeLearn/Info.plist;
				LD_RUNPATH_SEARCH_PATHS = "$(inherited) @executable_path/Frameworks";
				PRODUCT_BUNDLE_IDENTIFIER = Liferay.WeLearn;
				PRODUCT_NAME = "$(TARGET_NAME)";
				SWIFT_VERSION = 3.0;
			};
			name = Release;
		};
		4A04F9491F598B01004DD1A1 /* Debug */ = {
			isa = XCBuildConfiguration;
			buildSettings = {
				ALWAYS_EMBED_SWIFT_STANDARD_LIBRARIES = YES;
				BUNDLE_LOADER = "$(TEST_HOST)";
				INFOPLIST_FILE = WeLearnTests/Info.plist;
				LD_RUNPATH_SEARCH_PATHS = "$(inherited) @executable_path/Frameworks @loader_path/Frameworks";
				PRODUCT_BUNDLE_IDENTIFIER = Liferay.WeLearnTests;
				PRODUCT_NAME = "$(TARGET_NAME)";
				SWIFT_VERSION = 3.0;
				TEST_HOST = "$(BUILT_PRODUCTS_DIR)/WeLearn.app/WeLearn";
			};
			name = Debug;
		};
		4A04F94A1F598B01004DD1A1 /* Release */ = {
			isa = XCBuildConfiguration;
			buildSettings = {
				ALWAYS_EMBED_SWIFT_STANDARD_LIBRARIES = YES;
				BUNDLE_LOADER = "$(TEST_HOST)";
				INFOPLIST_FILE = WeLearnTests/Info.plist;
				LD_RUNPATH_SEARCH_PATHS = "$(inherited) @executable_path/Frameworks @loader_path/Frameworks";
				PRODUCT_BUNDLE_IDENTIFIER = Liferay.WeLearnTests;
				PRODUCT_NAME = "$(TARGET_NAME)";
				SWIFT_VERSION = 3.0;
				TEST_HOST = "$(BUILT_PRODUCTS_DIR)/WeLearn.app/WeLearn";
			};
			name = Release;
		};
/* End XCBuildConfiguration section */

/* Begin XCConfigurationList section */
		4A04F9231F598B01004DD1A1 /* Build configuration list for PBXProject "WeLearn" */ = {
			isa = XCConfigurationList;
			buildConfigurations = (
				4A04F9431F598B01004DD1A1 /* Debug */,
				4A04F9441F598B01004DD1A1 /* Release */,
			);
			defaultConfigurationIsVisible = 0;
			defaultConfigurationName = Release;
		};
		4A04F9451F598B01004DD1A1 /* Build configuration list for PBXNativeTarget "WeLearn" */ = {
			isa = XCConfigurationList;
			buildConfigurations = (
				4A04F9461F598B01004DD1A1 /* Debug */,
				4A04F9471F598B01004DD1A1 /* Release */,
			);
			defaultConfigurationIsVisible = 0;
			defaultConfigurationName = Release;
		};
		4A04F9481F598B01004DD1A1 /* Build configuration list for PBXNativeTarget "WeLearnTests" */ = {
			isa = XCConfigurationList;
			buildConfigurations = (
				4A04F9491F598B01004DD1A1 /* Debug */,
				4A04F94A1F598B01004DD1A1 /* Release */,
			);
			defaultConfigurationIsVisible = 0;
			defaultConfigurationName = Release;
		};
/* End XCConfigurationList section */
	};
	rootObject = 4A04F9201F598B01004DD1A1 /* Project object */;
}
